
Microsoft Visual Studio Solution File, Format Version 11.00
# Visual Studio 2010
Project("{FAE04EC0-301F-11D3-BF4B-00C04F79EFBC}") = "KendoGridImageButtonDemo2010", "KendoGridImageButtonDemo2010\KendoGridImageButtonDemo2010.csproj", "{1EA882BB-6A8D-49B6-A6B1-FAE83E0530F7}"
EndProject
Global
	GlobalSection(SolutionConfigurationPlatforms) = preSolution
		Debug|Any CPU = Debug|Any CPU
		Release|Any CPU = Release|Any CPU
	EndGlobalSection
	GlobalSection(ProjectConfigurationPlatforms) = postSolution
		{1EA882BB-6A8D-49B6-A6B1-FAE83E0530F7}.Debug|Any CPU.ActiveCfg = Debug|Any CPU
		{1EA882BB-6A8D-49B6-A6B1-FAE83E0530F7}.Debug|Any CPU.Build.0 = Debug|Any CPU
		{1EA882BB-6A8D-49B6-A6B1-FAE83E0530F7}.Release|Any CPU.ActiveCfg = Release|Any CPU
		{1EA882BB-6A8D-49B6-A6B1-FAE83E0530F7}.Release|Any CPU.Build.0 = Release|Any CPU
	EndGlobalSection
	GlobalSection(SolutionProperties) = preSolution
		HideSolutionNode = FALSE
	EndGlobalSection
EndGlobal
